// !$*UTF8*$!
{
	archiveVersion = 1;
	classes = {
	};
	objectVersion = 46;
	objects = {

/* Begin PBXBuildFile section */
		224FCDDD1DBA847A00753EC1 /* main.m in Sources */ = {isa = PBXBuildFile; fileRef = 224FCDDC1DBA847A00753EC1 /* main.m */; };
		224FCDE01DBA847A00753EC1 /* AppDelegate.m in Sources */ = {isa = PBXBuildFile; fileRef = 224FCDDF1DBA847A00753EC1 /* AppDelegate.m */; };
		224FCDE31DBA847A00753EC1 /* ViewController.m in Sources */ = {isa = PBXBuildFile; fileRef = 224FCDE21DBA847A00753EC1 /* ViewController.m */; };
		224FCDE61DBA847A00753EC1 /* Main.storyboard in Resources */ = {isa = PBXBuildFile; fileRef = 224FCDE41DBA847A00753EC1 /* Main.storyboard */; };
		224FCDE81DBA847A00753EC1 /* Assets.xcassets in Resources */ = {isa = PBXBuildFile; fileRef = 224FCDE71DBA847A00753EC1 /* Assets.xcassets */; };
		224FCDEB1DBA847A00753EC1 /* LaunchScreen.storyboard in Resources */ = {isa = PBXBuildFile; fileRef = 224FCDE91DBA847A00753EC1 /* LaunchScreen.storyboard */; };
		224FCDF61DBA847A00753EC1 /* Nayak_Brijesh_Lab3Tests.m in Sources */ = {isa = PBXBuildFile; fileRef = 224FCDF51DBA847A00753EC1 /* Nayak_Brijesh_Lab3Tests.m */; };
		224FCE011DBA847A00753EC1 /* Nayak_Brijesh_Lab3UITests.m in Sources */ = {isa = PBXBuildFile; fileRef = 224FCE001DBA847A00753EC1 /* Nayak_Brijesh_Lab3UITests.m */; };
		224FCE0F1DBA86D800753EC1 /* Images in Resources */ = {isa = PBXBuildFile; fileRef = 224FCE0E1DBA86D800753EC1 /* Images */; };
		224FCE121DBA87BA00753EC1 /* DieView.m in Sources */ = {isa = PBXBuildFile; fileRef = 224FCE111DBA87BA00753EC1 /* DieView.m */; };
		224FCE151DBA8C6700753EC1 /* DiceDataController.m in Sources */ = {isa = PBXBuildFile; fileRef = 224FCE141DBA8C6700753EC1 /* DiceDataController.m */; };
/* End PBXBuildFile section */

/* Begin PBXContainerItemProxy section */
		224FCDF21DBA847A00753EC1 /* PBXContainerItemProxy */ = {
			isa = PBXContainerItemProxy;
			containerPortal = 224FCDD01DBA847900753EC1 /* Project object */;
			proxyType = 1;
			remoteGlobalIDString = 224FCDD71DBA847900753EC1;
			remoteInfo = Nayak_Brijesh_Lab3;
		};
		224FCDFD1DBA847A00753EC1 /* PBXContainerItemProxy */ = {
			isa = PBXContainerItemProxy;
			containerPortal = 224FCDD01DBA847900753EC1 /* Project object */;
			proxyType = 1;
			remoteGlobalIDString = 224FCDD71DBA847900753EC1;
			remoteInfo = Nayak_Brijesh_Lab3;
		};
/* End PBXContainerItemProxy section */

/* Begin PBXFileReference section */
		224FCDD81DBA847A00753EC1 /* DiceRollGame.app */ = {isa = PBXFileReference; explicitFileType = wrapper.application; includeInIndex = 0; path = DiceRollGame.app; sourceTree = BUILT_PRODUCTS_DIR; };
		224FCDDC1DBA847A00753EC1 /* main.m */ = {isa = PBXFileReference; lastKnownFileType = sourcecode.c.objc; path = main.m; sourceTree = "<group>"; };
		224FCDDE1DBA847A00753EC1 /* AppDelegate.h */ = {isa = PBXFileReference; lastKnownFileType = sourcecode.c.h; path = AppDelegate.h; sourceTree = "<group>"; };
		224FCDDF1DBA847A00753EC1 /* AppDelegate.m */ = {isa = PBXFileReference; lastKnownFileType = sourcecode.c.objc; path = AppDelegate.m; sourceTree = "<group>"; };
		224FCDE11DBA847A00753EC1 /* ViewController.h */ = {isa = PBXFileReference; lastKnownFileType = sourcecode.c.h; path = ViewController.h; sourceTree = "<group>"; };
		224FCDE21DBA847A00753EC1 /* ViewController.m */ = {isa = PBXFileReference; lastKnownFileType = sourcecode.c.objc; path = ViewController.m; sourceTree = "<group>"; };
		224FCDE51DBA847A00753EC1 /* Base */ = {isa = PBXFileReference; lastKnownFileType = file.storyboard; name = Base; path = Base.lproj/Main.storyboard; sourceTree = "<group>"; };
		224FCDE71DBA847A00753EC1 /* Assets.xcassets */ = {isa = PBXFileReference; lastKnownFileType = folder.assetcatalog; path = Assets.xcassets; sourceTree = "<group>"; };
		224FCDEA1DBA847A00753EC1 /* Base */ = {isa = PBXFileReference; lastKnownFileType = file.storyboard; name = Base; path = Base.lproj/LaunchScreen.storyboard; sourceTree = "<group>"; };
		224FCDEC1DBA847A00753EC1 /* Info.plist */ = {isa = PBXFileReference; lastKnownFileType = text.plist.xml; path = Info.plist; sourceTree = "<group>"; };
		224FCDF11DBA847A00753EC1 /* DiceRollGameTests.xctest */ = {isa = PBXFileReference; explicitFileType = wrapper.cfbundle; includeInIndex = 0; path = DiceRollGameTests.xctest; sourceTree = BUILT_PRODUCTS_DIR; };
		224FCDF51DBA847A00753EC1 /* Nayak_Brijesh_Lab3Tests.m */ = {isa = PBXFileReference; lastKnownFileType = sourcecode.c.objc; path = Nayak_Brijesh_Lab3Tests.m; sourceTree = "<group>"; };
		224FCDF71DBA847A00753EC1 /* Info.plist */ = {isa = PBXFileReference; lastKnownFileType = text.plist.xml; path = Info.plist; sourceTree = "<group>"; };
		224FCDFC1DBA847A00753EC1 /* DiceRollGameUITests.xctest */ = {isa = PBXFileReference; explicitFileType = wrapper.cfbundle; includeInIndex = 0; path = DiceRollGameUITests.xctest; sourceTree = BUILT_PRODUCTS_DIR; };
		224FCE001DBA847A00753EC1 /* Nayak_Brijesh_Lab3UITests.m */ = {isa = PBXFileReference; lastKnownFileType = sourcecode.c.objc; path = Nayak_Brijesh_Lab3UITests.m; sourceTree = "<group>"; };
		224FCE021DBA847A00753EC1 /* Info.plist */ = {isa = PBXFileReference; lastKnownFileType = text.plist.xml; path = Info.plist; sourceTree = "<group>"; };
		224FCE0E1DBA86D800753EC1 /* Images */ = {isa = PBXFileReference; lastKnownFileType = folder; path = Images; sourceTree = "<group>"; };
		224FCE101DBA87BA00753EC1 /* DieView.h */ = {isa = PBXFileReference; fileEncoding = 4; lastKnownFileType = sourcecode.c.h; path = DieView.h; sourceTree = "<group>"; };
		224FCE111DBA87BA00753EC1 /* DieView.m */ = {isa = PBXFileReference; fileEncoding = 4; lastKnownFileType = sourcecode.c.objc; path = DieView.m; sourceTree = "<group>"; };
		224FCE131DBA8C6700753EC1 /* DiceDataController.h */ = {isa = PBXFileReference; fileEncoding = 4; lastKnownFileType = sourcecode.c.h; path = DiceDataController.h; sourceTree = "<group>"; };
		224FCE141DBA8C6700753EC1 /* DiceDataController.m */ = {isa = PBXFileReference; fileEncoding = 4; lastKnownFileType = sourcecode.c.objc; path = DiceDataController.m; sourceTree = "<group>"; };
/* End PBXFileReference section */

/* Begin PBXFrameworksBuildPhase section */
		224FCDD51DBA847900753EC1 /* Frameworks */ = {
			isa = PBXFrameworksBuildPhase;
			buildActionMask = 2147483647;
			files = (
			);
			runOnlyForDeploymentPostprocessing = 0;
		};
		224FCDEE1DBA847A00753EC1 /* Frameworks */ = {
			isa = PBXFrameworksBuildPhase;
			buildActionMask = 2147483647;
			files = (
			);
			runOnlyForDeploymentPostprocessing = 0;
		};
		224FCDF91DBA847A00753EC1 /* Frameworks */ = {
			isa = PBXFrameworksBuildPhase;
			buildActionMask = 2147483647;
			files = (
			);
			runOnlyForDeploymentPostprocessing = 0;
		};
/* End PBXFrameworksBuildPhase section */

/* Begin PBXGroup section */
		224FCDCF1DBA847900753EC1 = {
			isa = PBXGroup;
			children = (
				224FCDDA1DBA847A00753EC1 /* DiceRollGame */,
				224FCDF41DBA847A00753EC1 /* DiceRollGameTests */,
				224FCDFF1DBA847A00753EC1 /* DiceRollGameUITests */,
				224FCDD91DBA847A00753EC1 /* Products */,
			);
			sourceTree = "<group>";
		};
		224FCDD91DBA847A00753EC1 /* Products */ = {
			isa = PBXGroup;
			children = (
				224FCDD81DBA847A00753EC1 /* DiceRollGame.app */,
				224FCDF11DBA847A00753EC1 /* DiceRollGameTests.xctest */,
				224FCDFC1DBA847A00753EC1 /* DiceRollGameUITests.xctest */,
			);
			name = Products;
			sourceTree = "<group>";
		};
		224FCDDA1DBA847A00753EC1 /* DiceRollGame */ = {
			isa = PBXGroup;
			children = (
				224FCDDE1DBA847A00753EC1 /* AppDelegate.h */,
				224FCDDF1DBA847A00753EC1 /* AppDelegate.m */,
				224FCDE11DBA847A00753EC1 /* ViewController.h */,
				224FCDE21DBA847A00753EC1 /* ViewController.m */,
				224FCDE41DBA847A00753EC1 /* Main.storyboard */,
				224FCDE71DBA847A00753EC1 /* Assets.xcassets */,
				224FCDE91DBA847A00753EC1 /* LaunchScreen.storyboard */,
				224FCDEC1DBA847A00753EC1 /* Info.plist */,
				224FCDDB1DBA847A00753EC1 /* Supporting Files */,
				224FCE101DBA87BA00753EC1 /* DieView.h */,
				224FCE111DBA87BA00753EC1 /* DieView.m */,
				224FCE131DBA8C6700753EC1 /* DiceDataController.h */,
				224FCE141DBA8C6700753EC1 /* DiceDataController.m */,
			);
			name = DiceRollGame;
			path = Nayak_Brijesh_Lab3;
			sourceTree = "<group>";
		};
		224FCDDB1DBA847A00753EC1 /* Supporting Files */ = {
			isa = PBXGroup;
			children = (
				224FCE0E1DBA86D800753EC1 /* Images */,
				224FCDDC1DBA847A00753EC1 /* main.m */,
			);
			name = "Supporting Files";
			sourceTree = "<group>";
		};
		224FCDF41DBA847A00753EC1 /* DiceRollGameTests */ = {
			isa = PBXGroup;
			children = (
				224FCDF51DBA847A00753EC1 /* Nayak_Brijesh_Lab3Tests.m */,
				224FCDF71DBA847A00753EC1 /* Info.plist */,
			);
			name = DiceRollGameTests;
			path = Nayak_Brijesh_Lab3Tests;
			sourceTree = "<group>";
		};
		224FCDFF1DBA847A00753EC1 /* DiceRollGameUITests */ = {
			isa = PBXGroup;
			children = (
				224FCE001DBA847A00753EC1 /* Nayak_Brijesh_Lab3UITests.m */,
				224FCE021DBA847A00753EC1 /* Info.plist */,
			);
			name = DiceRollGameUITests;
			path = Nayak_Brijesh_Lab3UITests;
			sourceTree = "<group>";
		};
/* End PBXGroup section */

/* Begin PBXNativeTarget section */
		224FCDD71DBA847900753EC1 /* DiceRollGame */ = {
			isa = PBXNativeTarget;
			buildConfigurationList = 224FCE051DBA847A00753EC1 /* Build configuration list for PBXNativeTarget "DiceRollGame" */;
			buildPhases = (
				224FCDD41DBA847900753EC1 /* Sources */,
				224FCDD51DBA847900753EC1 /* Frameworks */,
				224FCDD61DBA847900753EC1 /* Resources */,
			);
			buildRules = (
			);
			dependencies = (
			);
			name = DiceRollGame;
			productName = Nayak_Brijesh_Lab3;
			productReference = 224FCDD81DBA847A00753EC1 /* DiceRollGame.app */;
			productType = "com.apple.product-type.application";
		};
		224FCDF01DBA847A00753EC1 /* DiceRollGameTests */ = {
			isa = PBXNativeTarget;
			buildConfigurationList = 224FCE081DBA847A00753EC1 /* Build configuration list for PBXNativeTarget "DiceRollGameTests" */;
			buildPhases = (
				224FCDED1DBA847A00753EC1 /* Sources */,
				224FCDEE1DBA847A00753EC1 /* Frameworks */,
				224FCDEF1DBA847A00753EC1 /* Resources */,
			);
			buildRules = (
			);
			dependencies = (
				224FCDF31DBA847A00753EC1 /* PBXTargetDependency */,
			);
			name = DiceRollGameTests;
			productName = Nayak_Brijesh_Lab3Tests;
			productReference = 224FCDF11DBA847A00753EC1 /* DiceRollGameTests.xctest */;
			productType = "com.apple.product-type.bundle.unit-test";
		};
		224FCDFB1DBA847A00753EC1 /* DiceRollGameUITests */ = {
			isa = PBXNativeTarget;
			buildConfigurationList = 224FCE0B1DBA847A00753EC1 /* Build configuration list for PBXNativeTarget "DiceRollGameUITests" */;
			buildPhases = (
				224FCDF81DBA847A00753EC1 /* Sources */,
				224FCDF91DBA847A00753EC1 /* Frameworks */,
				224FCDFA1DBA847A00753EC1 /* Resources */,
			);
			buildRules = (
			);
			dependencies = (
				224FCDFE1DBA847A00753EC1 /* PBXTargetDependency */,
			);
			name = DiceRollGameUITests;
			productName = Nayak_Brijesh_Lab3UITests;
			productReference = 224FCDFC1DBA847A00753EC1 /* DiceRollGameUITests.xctest */;
			productType = "com.apple.product-type.bundle.ui-testing";
		};
/* End PBXNativeTarget section */

/* Begin PBXProject section */
		224FCDD01DBA847900753EC1 /* Project object */ = {
			isa = PBXProject;
			attributes = {
				LastUpgradeCheck = 0810;
				ORGANIZATIONNAME = "Brijesh Nayak";
				TargetAttributes = {
					224FCDD71DBA847900753EC1 = {
						CreatedOnToolsVersion = 8.0;
						ProvisioningStyle = Automatic;
					};
					224FCDF01DBA847A00753EC1 = {
						CreatedOnToolsVersion = 8.0;
						ProvisioningStyle = Automatic;
						TestTargetID = 224FCDD71DBA847900753EC1;
					};
					224FCDFB1DBA847A00753EC1 = {
						CreatedOnToolsVersion = 8.0;
						ProvisioningStyle = Automatic;
						TestTargetID = 224FCDD71DBA847900753EC1;
					};
				};
			};
			buildConfigurationList = 224FCDD31DBA847900753EC1 /* Build configuration list for PBXProject "DiceRollGame" */;
			compatibilityVersion = "Xcode 3.2";
			developmentRegion = English;
			hasScannedForEncodings = 0;
			knownRegions = (
				en,
				Base,
			);
			mainGroup = 224FCDCF1DBA847900753EC1;
			productRefGroup = 224FCDD91DBA847A00753EC1 /* Products */;
			projectDirPath = "";
			projectRoot = "";
			targets = (
				224FCDD71DBA847900753EC1 /* DiceRollGame */,
				224FCDF01DBA847A00753EC1 /* DiceRollGameTests */,
				224FCDFB1DBA847A00753EC1 /* DiceRollGameUITests */,
			);
		};
/* End PBXProject section */

/* Begin PBXResourcesBuildPhase section */
		224FCDD61DBA847900753EC1 /* Resources */ = {
			isa = PBXResourcesBuildPhase;
			buildActionMask = 2147483647;
			files = (
				224FCE0F1DBA86D800753EC1 /* Images in Resources */,
				224FCDEB1DBA847A00753EC1 /* LaunchScreen.storyboard in Resources */,
				224FCDE81DBA847A00753EC1 /* Assets.xcassets in Resources */,
				224FCDE61DBA847A00753EC1 /* Main.storyboard in Resources */,
			);
			runOnlyForDeploymentPostprocessing = 0;
		};
		224FCDEF1DBA847A00753EC1 /* Resources */ = {
			isa = PBXResourcesBuildPhase;
			buildActionMask = 2147483647;
			files = (
			);
			runOnlyForDeploymentPostprocessing = 0;
		};
		224FCDFA1DBA847A00753EC1 /* Resources */ = {
			isa = PBXResourcesBuildPhase;
			buildActionMask = 2147483647;
			files = (
			);
			runOnlyForDeploymentPostprocessing = 0;
		};
/* End PBXResourcesBuildPhase section */

/* Begin PBXSourcesBuildPhase section */
		224FCDD41DBA847900753EC1 /* Sources */ = {
			isa = PBXSourcesBuildPhase;
			buildActionMask = 2147483647;
			files = (
				224FCDE31DBA847A00753EC1 /* ViewController.m in Sources */,
				224FCE121DBA87BA00753EC1 /* DieView.m in Sources */,
				224FCDE01DBA847A00753EC1 /* AppDelegate.m in Sources */,
				224FCE151DBA8C6700753EC1 /* DiceDataController.m in Sources */,
				224FCDDD1DBA847A00753EC1 /* main.m in Sources */,
			);
			runOnlyForDeploymentPostprocessing = 0;
		};
		224FCDED1DBA847A00753EC1 /* Sources */ = {
			isa = PBXSourcesBuildPhase;
			buildActionMask = 2147483647;
			files = (
				224FCDF61DBA847A00753EC1 /* Nayak_Brijesh_Lab3Tests.m in Sources */,
			);
			runOnlyForDeploymentPostprocessing = 0;
		};
		224FCDF81DBA847A00753EC1 /* Sources */ = {
			isa = PBXSourcesBuildPhase;
			buildActionMask = 2147483647;
			files = (
				224FCE011DBA847A00753EC1 /* Nayak_Brijesh_Lab3UITests.m in Sources */,
			);
			runOnlyForDeploymentPostprocessing = 0;
		};
/* End PBXSourcesBuildPhase section */

/* Begin PBXTargetDependency section */
		224FCDF31DBA847A00753EC1 /* PBXTargetDependency */ = {
			isa = PBXTargetDependency;
			target = 224FCDD71DBA847900753EC1 /* DiceRollGame */;
			targetProxy = 224FCDF21DBA847A00753EC1 /* PBXContainerItemProxy */;
		};
		224FCDFE1DBA847A00753EC1 /* PBXTargetDependency */ = {
			isa = PBXTargetDependency;
			target = 224FCDD71DBA847900753EC1 /* DiceRollGame */;
			targetProxy = 224FCDFD1DBA847A00753EC1 /* PBXContainerItemProxy */;
		};
/* End PBXTargetDependency section */

/* Begin PBXVariantGroup section */
		224FCDE41DBA847A00753EC1 /* Main.storyboard */ = {
			isa = PBXVariantGroup;
			children = (
				224FCDE51DBA847A00753EC1 /* Base */,
			);
			name = Main.storyboard;
			sourceTree = "<group>";
		};
		224FCDE91DBA847A00753EC1 /* LaunchScreen.storyboard */ = {
			isa = PBXVariantGroup;
			children = (
				224FCDEA1DBA847A00753EC1 /* Base */,
			);
			name = LaunchScreen.storyboard;
			sourceTree = "<group>";
		};
/* End PBXVariantGroup section */

/* Begin XCBuildConfiguration section */
		224FCE031DBA847A00753EC1 /* Debug */ = {
			isa = XCBuildConfiguration;
			buildSettings = {
				ALWAYS_SEARCH_USER_PATHS = NO;
				CLANG_ANALYZER_NONNULL = YES;
				CLANG_CXX_LANGUAGE_STANDARD = "gnu++0x";
				CLANG_CXX_LIBRARY = "libc++";
				CLANG_ENABLE_MODULES = YES;
				CLANG_ENABLE_OBJC_ARC = YES;
				CLANG_WARN_BOOL_CONVERSION = YES;
				CLANG_WARN_CONSTANT_CONVERSION = YES;
				CLANG_WARN_DIRECT_OBJC_ISA_USAGE = YES_ERROR;
				CLANG_WARN_DOCUMENTATION_COMMENTS = YES;
				CLANG_WARN_EMPTY_BODY = YES;
				CLANG_WARN_ENUM_CONVERSION = YES;
				CLANG_WARN_INFINITE_RECURSION = YES;
				CLANG_WARN_INT_CONVERSION = YES;
				CLANG_WARN_OBJC_ROOT_CLASS = YES_ERROR;
				CLANG_WARN_SUSPICIOUS_MOVE = YES;
				CLANG_WARN_SUSPICIOUS_MOVES = YES;
				CLANG_WARN_UNREACHABLE_CODE = YES;
				CLANG_WARN__DUPLICATE_METHOD_MATCH = YES;
				"CODE_SIGN_IDENTITY[sdk=iphoneos*]" = "iPhone Developer";
				COPY_PHASE_STRIP = NO;
				DEBUG_INFORMATION_FORMAT = dwarf;
				ENABLE_STRICT_OBJC_MSGSEND = YES;
				ENABLE_TESTABILITY = YES;
				GCC_C_LANGUAGE_STANDARD = gnu99;
				GCC_DYNAMIC_NO_PIC = NO;
				GCC_NO_COMMON_BLOCKS = YES;
				GCC_OPTIMIZATION_LEVEL = 0;
				GCC_PREPROCESSOR_DEFINITIONS = (
					"DEBUG=1",
					"$(inherited)",
				);
				GCC_WARN_64_TO_32_BIT_CONVERSION = YES;
				GCC_WARN_ABOUT_RETURN_TYPE = YES_ERROR;
				GCC_WARN_UNDECLARED_SELECTOR = YES;
				GCC_WARN_UNINITIALIZED_AUTOS = YES_AGGRESSIVE;
				GCC_WARN_UNUSED_FUNCTION = YES;
				GCC_WARN_UNUSED_VARIABLE = YES;
				IPHONEOS_DEPLOYMENT_TARGET = 10.0;
				MTL_ENABLE_DEBUG_INFO = YES;
				ONLY_ACTIVE_ARCH = YES;
				SDKROOT = iphoneos;
			};
			name = Debug;
		};
		224FCE041DBA847A00753EC1 /* Release */ = {
			isa = XCBuildConfiguration;
			buildSettings = {
				ALWAYS_SEARCH_USER_PATHS = NO;
				CLANG_ANALYZER_NONNULL = YES;
				CLANG_CXX_LANGUAGE_STANDARD = "gnu++0x";
				CLANG_CXX_LIBRARY = "libc++";
				CLANG_ENABLE_MODULES = YES;
				CLANG_ENABLE_OBJC_ARC = YES;
				CLANG_WARN_BOOL_CONVERSION = YES;
				CLANG_WARN_CONSTANT_CONVERSION = YES;
				CLANG_WARN_DIRECT_OBJC_ISA_USAGE = YES_ERROR;
				CLANG_WARN_DOCUMENTATION_COMMENTS = YES;
				CLANG_WARN_EMPTY_BODY = YES;
				CLANG_WARN_ENUM_CONVERSION = YES;
				CLANG_WARN_INFINITE_RECURSION = YES;
				CLANG_WARN_INT_CONVERSION = YES;
				CLANG_WARN_OBJC_ROOT_CLASS = YES_ERROR;
				CLANG_WARN_SUSPICIOUS_MOVE = YES;
				CLANG_WARN_SUSPICIOUS_MOVES = YES;
				CLANG_WARN_UNREACHABLE_CODE = YES;
				CLANG_WARN__DUPLICATE_METHOD_MATCH = YES;
				"CODE_SIGN_IDENTITY[sdk=iphoneos*]" = "iPhone Developer";
				COPY_PHASE_STRIP = NO;
				DEBUG_INFORMATION_FORMAT = "dwarf-with-dsym";
				ENABLE_NS_ASSERTIONS = NO;
				ENABLE_STRICT_OBJC_MSGSEND = YES;
				GCC_C_LANGUAGE_STANDARD = gnu99;
				GCC_NO_COMMON_BLOCKS = YES;
				GCC_WARN_64_TO_32_BIT_CONVERSION = YES;
				GCC_WARN_ABOUT_RETURN_TYPE = YES_ERROR;
				GCC_WARN_UNDECLARED_SELECTOR = YES;
				GCC_WARN_UNINITIALIZED_AUTOS = YES_AGGRESSIVE;
				GCC_WARN_UNUSED_FUNCTION = YES;
				GCC_WARN_UNUSED_VARIABLE = YES;
				IPHONEOS_DEPLOYMENT_TARGET = 10.0;
				MTL_ENABLE_DEBUG_INFO = NO;
				SDKROOT = iphoneos;
				VALIDATE_PRODUCT = YES;
			};
			name = Release;
		};
		224FCE061DBA847A00753EC1 /* Debug */ = {
			isa = XCBuildConfiguration;
			buildSettings = {
				ASSETCATALOG_COMPILER_APPICON_NAME = AppIcon;
				DEVELOPMENT_TEAM = "";
				INFOPLIST_FILE = Nayak_Brijesh_Lab3/Info.plist;
				LD_RUNPATH_SEARCH_PATHS = "$(inherited) @executable_path/Frameworks";
				PRODUCT_BUNDLE_IDENTIFIER = www.cis.temple.edu.DiceRollGame;
				PRODUCT_NAME = "$(TARGET_NAME)";
			};
			name = Debug;
		};
		224FCE071DBA847A00753EC1 /* Release */ = {
			isa = XCBuildConfiguration;
			buildSettings = {
				ASSETCATALOG_COMPILER_APPICON_NAME = AppIcon;
				DEVELOPMENT_TEAM = "";
				INFOPLIST_FILE = Nayak_Brijesh_Lab3/Info.plist;
				LD_RUNPATH_SEARCH_PATHS = "$(inherited) @executable_path/Frameworks";
				PRODUCT_BUNDLE_IDENTIFIER = www.cis.temple.edu.DiceRollGame;
				PRODUCT_NAME = "$(TARGET_NAME)";
			};
			name = Release;
		};
		224FCE091DBA847A00753EC1 /* Debug */ = {
			isa = XCBuildConfiguration;
			buildSettings = {
				BUNDLE_LOADER = "$(TEST_HOST)";
				INFOPLIST_FILE = Nayak_Brijesh_Lab3Tests/Info.plist;
				LD_RUNPATH_SEARCH_PATHS = "$(inherited) @executable_path/Frameworks @loader_path/Frameworks";
				PRODUCT_BUNDLE_IDENTIFIER = "www.cis.temple.edu.Nayak-Brijesh-Lab3Tests";
				PRODUCT_NAME = "$(TARGET_NAME)";
				TEST_HOST = "$(BUILT_PRODUCTS_DIR)/DiceRollGame.app/DiceRollGame";
			};
			name = Debug;
		};
		224FCE0A1DBA847A00753EC1 /* Release */ = {
			isa = XCBuildConfiguration;
			buildSettings = {
				BUNDLE_LOADER = "$(TEST_HOST)";
				INFOPLIST_FILE = Nayak_Brijesh_Lab3Tests/Info.plist;
				LD_RUNPATH_SEARCH_PATHS = "$(inherited) @executable_path/Frameworks @loader_path/Frameworks";
				PRODUCT_BUNDLE_IDENTIFIER = "www.cis.temple.edu.Nayak-Brijesh-Lab3Tests";
				PRODUCT_NAME = "$(TARGET_NAME)";
				TEST_HOST = "$(BUILT_PRODUCTS_DIR)/DiceRollGame.app/DiceRollGame";
			};
			name = Release;
		};
		224FCE0C1DBA847A00753EC1 /* Debug */ = {
			isa = XCBuildConfiguration;
			buildSettings = {
				INFOPLIST_FILE = Nayak_Brijesh_Lab3UITests/Info.plist;
				LD_RUNPATH_SEARCH_PATHS = "$(inherited) @executable_path/Frameworks @loader_path/Frameworks";
				PRODUCT_BUNDLE_IDENTIFIER = "www.cis.temple.edu.Nayak-Brijesh-Lab3UITests";
				PRODUCT_NAME = "$(TARGET_NAME)";
				TEST_TARGET_NAME = Nayak_Brijesh_Lab3;
			};
			name = Debug;
		};
		224FCE0D1DBA847A00753EC1 /* Release */ = {
			isa = XCBuildConfiguration;
			buildSettings = {
				INFOPLIST_FILE = Nayak_Brijesh_Lab3UITests/Info.plist;
				LD_RUNPATH_SEARCH_PATHS = "$(inherited) @executable_path/Frameworks @loader_path/Frameworks";
				PRODUCT_BUNDLE_IDENTIFIER = "www.cis.temple.edu.Nayak-Brijesh-Lab3UITests";
				PRODUCT_NAME = "$(TARGET_NAME)";
				TEST_TARGET_NAME = Nayak_Brijesh_Lab3;
			};
			name = Release;
		};
/* End XCBuildConfiguration section */

/* Begin XCConfigurationList section */
		224FCDD31DBA847900753EC1 /* Build configuration list for PBXProject "DiceRollGame" */ = {
			isa = XCConfigurationList;
			buildConfigurations = (
				224FCE031DBA847A00753EC1 /* Debug */,
				224FCE041DBA847A00753EC1 /* Release */,
			);
			defaultConfigurationIsVisible = 0;
			defaultConfigurationName = Release;
		};
		224FCE051DBA847A00753EC1 /* Build configuration list for PBXNativeTarget "DiceRollGame" */ = {
			isa = XCConfigurationList;
			buildConfigurations = (
				224FCE061DBA847A00753EC1 /* Debug */,
				224FCE071DBA847A00753EC1 /* Release */,
			);
			defaultConfigurationIsVisible = 0;
			defaultConfigurationName = Release;
		};
		224FCE081DBA847A00753EC1 /* Build configuration list for PBXNativeTarget "DiceRollGameTests" */ = {
			isa = XCConfigurationList;
			buildConfigurations = (
				224FCE091DBA847A00753EC1 /* Debug */,
				224FCE0A1DBA847A00753EC1 /* Release */,
			);
			defaultConfigurationIsVisible = 0;
			defaultConfigurationName = Release;
		};
		224FCE0B1DBA847A00753EC1 /* Build configuration list for PBXNativeTarget "DiceRollGameUITests" */ = {
			isa = XCConfigurationList;
			buildConfigurations = (
				224FCE0C1DBA847A00753EC1 /* Debug */,
				224FCE0D1DBA847A00753EC1 /* Release */,
			);
			defaultConfigurationIsVisible = 0;
			defaultConfigurationName = Release;
		};
/* End XCConfigurationList section */
	};
	rootObject = 224FCDD01DBA847900753EC1 /* Project object */;
}
